// !$*UTF8*$!
{
	archiveVersion = 1;
	classes = {
	};
	objectVersion = 50;
	objects = {

/* Begin PBXBuildFile section */
		918FA5A823FB6B0A00559C63 /* AppDelegate.swift in Sources */ = {isa = PBXBuildFile; fileRef = 918FA5A723FB6B0A00559C63 /* AppDelegate.swift */; };
		918FA5AA23FB6B0A00559C63 /* SceneDelegate.swift in Sources */ = {isa = PBXBuildFile; fileRef = 918FA5A923FB6B0A00559C63 /* SceneDelegate.swift */; };
		918FA5AC23FB6B0A00559C63 /* ViewController.swift in Sources */ = {isa = PBXBuildFile; fileRef = 918FA5AB23FB6B0A00559C63 /* ViewController.swift */; };
		918FA5AF23FB6B0A00559C63 /* Main.storyboard in Resources */ = {isa = PBXBuildFile; fileRef = 918FA5AD23FB6B0A00559C63 /* Main.storyboard */; };
		918FA5B123FB6B0C00559C63 /* Assets.xcassets in Resources */ = {isa = PBXBuildFile; fileRef = 918FA5B023FB6B0C00559C63 /* Assets.xcassets */; };
		918FA5B423FB6B0C00559C63 /* LaunchScreen.storyboard in Resources */ = {isa = PBXBuildFile; fileRef = 918FA5B223FB6B0C00559C63 /* LaunchScreen.storyboard */; };
/* End PBXBuildFile section */

/* Begin PBXFileReference section */
		918FA5A423FB6B0A00559C63 /* IOSAnimation.app */ = {isa = PBXFileReference; explicitFileType = wrapper.application; includeInIndex = 0; path = IOSAnimation.app; sourceTree = BUILT_PRODUCTS_DIR; };
		918FA5A723FB6B0A00559C63 /* AppDelegate.swift */ = {isa = PBXFileReference; lastKnownFileType = sourcecode.swift; path = AppDelegate.swift; sourceTree = "<group>"; };
		918FA5A923FB6B0A00559C63 /* SceneDelegate.swift */ = {isa = PBXFileReference; lastKnownFileType = sourcecode.swift; path = SceneDelegate.swift; sourceTree = "<group>"; };
		918FA5AB23FB6B0A00559C63 /* ViewController.swift */ = {isa = PBXFileReference; lastKnownFileType = sourcecode.swift; path = ViewController.swift; sourceTree = "<group>"; };
		918FA5AE23FB6B0A00559C63 /* Base */ = {isa = PBXFileReference; lastKnownFileType = file.storyboard; name = Base; path = Base.lproj/Main.storyboard; sourceTree = "<group>"; };
		918FA5B023FB6B0C00559C63 /* Assets.xcassets */ = {isa = PBXFileReference; lastKnownFileType = folder.assetcatalog; path = Assets.xcassets; sourceTree = "<group>"; };
		918FA5B323FB6B0C00559C63 /* Base */ = {isa = PBXFileReference; lastKnownFileType = file.storyboard; name = Base; path = Base.lproj/LaunchScreen.storyboard; sourceTree = "<group>"; };
		918FA5B523FB6B0C00559C63 /* Info.plist */ = {isa = PBXFileReference; lastKnownFileType = text.plist.xml; path = Info.plist; sourceTree = "<group>"; };
/* End PBXFileReference section */

/* Begin PBXFrameworksBuildPhase section */
		918FA5A123FB6B0A00559C63 /* Frameworks */ = {
			isa = PBXFrameworksBuildPhase;
			buildActionMask = 2147483647;
			files = (
			);
			runOnlyForDeploymentPostprocessing = 0;
		};
/* End PBXFrameworksBuildPhase section */

/* Begin PBXGroup section */
		918FA59B23FB6B0A00559C63 = {
			isa = PBXGroup;
			children = (
				918FA5A623FB6B0A00559C63 /* IOSAnimation */,
				918FA5A523FB6B0A00559C63 /* Products */,
			);
			sourceTree = "<group>";
		};
		918FA5A523FB6B0A00559C63 /* Products */ = {
			isa = PBXGroup;
			children = (
				918FA5A423FB6B0A00559C63 /* IOSAnimation.app */,
			);
			name = Products;
			sourceTree = "<group>";
		};
		918FA5A623FB6B0A00559C63 /* IOSAnimation */ = {
			isa = PBXGroup;
			children = (
				918FA5A723FB6B0A00559C63 /* AppDelegate.swift */,
				918FA5A923FB6B0A00559C63 /* SceneDelegate.swift */,
				918FA5AB23FB6B0A00559C63 /* ViewController.swift */,
				918FA5AD23FB6B0A00559C63 /* Main.storyboard */,
				918FA5B023FB6B0C00559C63 /* Assets.xcassets */,
				918FA5B223FB6B0C00559C63 /* LaunchScreen.storyboard */,
				918FA5B523FB6B0C00559C63 /* Info.plist */,
			);
			path = IOSAnimation;
			sourceTree = "<group>";
		};
/* End PBXGroup section */

/* Begin PBXNativeTarget section */
		918FA5A323FB6B0A00559C63 /* IOSAnimation */ = {
			isa = PBXNativeTarget;
			buildConfigurationList = 918FA5B823FB6B0C00559C63 /* Build configuration list for PBXNativeTarget "IOSAnimation" */;
			buildPhases = (
				918FA5A023FB6B0A00559C63 /* Sources */,
				918FA5A123FB6B0A00559C63 /* Frameworks */,
				918FA5A223FB6B0A00559C63 /* Resources */,
			);
			buildRules = (
			);
			dependencies = (
			);
			name = IOSAnimation;
			productName = IOSAnimation;
			productReference = 918FA5A423FB6B0A00559C63 /* IOSAnimation.app */;
			productType = "com.apple.product-type.application";
		};
/* End PBXNativeTarget section */

/* Begin PBXProject section */
		918FA59C23FB6B0A00559C63 /* Project object */ = {
			isa = PBXProject;
			attributes = {
				LastSwiftUpdateCheck = 1130;
				LastUpgradeCheck = 1130;
				ORGANIZATIONNAME = "Dantavious Williams";
				TargetAttributes = {
					918FA5A323FB6B0A00559C63 = {
						CreatedOnToolsVersion = 11.3.1;
					};
				};
			};
			buildConfigurationList = 918FA59F23FB6B0A00559C63 /* Build configuration list for PBXProject "IOSAnimation" */;
			compatibilityVersion = "Xcode 9.3";
			developmentRegion = en;
			hasScannedForEncodings = 0;
			knownRegions = (
				en,
				Base,
			);
			mainGroup = 918FA59B23FB6B0A00559C63;
			productRefGroup = 918FA5A523FB6B0A00559C63 /* Products */;
			projectDirPath = "";
			projectRoot = "";
			targets = (
				918FA5A323FB6B0A00559C63 /* IOSAnimation */,
			);
		};
/* End PBXProject section */

/* Begin PBXResourcesBuildPhase section */
		918FA5A223FB6B0A00559C63 /* Resources */ = {
			isa = PBXResourcesBuildPhase;
			buildActionMask = 2147483647;
			files = (
				918FA5B423FB6B0C00559C63 /* LaunchScreen.storyboard in Resources */,
				918FA5B123FB6B0C00559C63 /* Assets.xcassets in Resources */,
				918FA5AF23FB6B0A00559C63 /* Main.storyboard in Resources */,
			);
			runOnlyForDeploymentPostprocessing = 0;
		};
/* End PBXResourcesBuildPhase section */

/* Begin PBXSourcesBuildPhase section */
		918FA5A023FB6B0A00559C63 /* Sources */ = {
			isa = PBXSourcesBuildPhase;
			buildActionMask = 2147483647;
			files = (
				918FA5AC23FB6B0A00559C63 /* ViewController.swift in Sources */,
				918FA5A823FB6B0A00559C63 /* AppDelegate.swift in Sources */,
				918FA5AA23FB6B0A00559C63 /* SceneDelegate.swift in Sources */,
			);
			runOnlyForDeploymentPostprocessing = 0;
		};
/* End PBXSourcesBuildPhase section */

/* Begin PBXVariantGroup section */
		918FA5AD23FB6B0A00559C63 /* Main.storyboard */ = {
			isa = PBXVariantGroup;
			children = (
				918FA5AE23FB6B0A00559C63 /* Base */,
			);
			name = Main.storyboard;
			sourceTree = "<group>";
		};
		918FA5B223FB6B0C00559C63 /* LaunchScreen.storyboard */ = {
			isa = PBXVariantGroup;
			children = (
				918FA5B323FB6B0C00559C63 /* Base */,
			);
			name = LaunchScreen.storyboard;
			sourceTree = "<group>";
		};
/* End PBXVariantGroup section */

/* Begin XCBuildConfiguration section */
		918FA5B623FB6B0C00559C63 /* Debug */ = {
			isa = XCBuildConfiguration;
			buildSettings = {
				ALWAYS_SEARCH_USER_PATHS = NO;
				CLANG_ANALYZER_NONNULL = YES;
				CLANG_ANALYZER_NUMBER_OBJECT_CONVERSION = YES_AGGRESSIVE;
				CLANG_CXX_LANGUAGE_STANDARD = "gnu++14";
				CLANG_CXX_LIBRARY = "libc++";
				CLANG_ENABLE_MODULES = YES;
				CLANG_ENABLE_OBJC_ARC = YES;
				CLANG_ENABLE_OBJC_WEAK = YES;
				CLANG_WARN_BLOCK_CAPTURE_AUTORELEASING = YES;
				CLANG_WARN_BOOL_CONVERSION = YES;
				CLANG_WARN_COMMA = YES;
				CLANG_WARN_CONSTANT_CONVERSION = YES;
				CLANG_WARN_DEPRECATED_OBJC_IMPLEMENTATIONS = YES;
				CLANG_WARN_DIRECT_OBJC_ISA_USAGE = YES_ERROR;
				CLANG_WARN_DOCUMENTATION_COMMENTS = YES;
				CLANG_WARN_EMPTY_BODY = YES;
				CLANG_WARN_ENUM_CONVERSION = YES;
				CLANG_WARN_INFINITE_RECURSION = YES;
				CLANG_WARN_INT_CONVERSION = YES;
				CLANG_WARN_NON_LITERAL_NULL_CONVERSION = YES;
				CLANG_WARN_OBJC_IMPLICIT_RETAIN_SELF = YES;
				CLANG_WARN_OBJC_LITERAL_CONVERSION = YES;
				CLANG_WARN_OBJC_ROOT_CLASS = YES_ERROR;
				CLANG_WARN_RANGE_LOOP_ANALYSIS = YES;
				CLANG_WARN_STRICT_PROTOTYPES = YES;
				CLANG_WARN_SUSPICIOUS_MOVE = YES;
				CLANG_WARN_UNGUARDED_AVAILABILITY = YES_AGGRESSIVE;
				CLANG_WARN_UNREACHABLE_CODE = YES;
				CLANG_WARN__DUPLICATE_METHOD_MATCH = YES;
				COPY_PHASE_STRIP = NO;
				DEBUG_INFORMATION_FORMAT = dwarf;
				ENABLE_STRICT_OBJC_MSGSEND = YES;
				ENABLE_TESTABILITY = YES;
				GCC_C_LANGUAGE_STANDARD = gnu11;
				GCC_DYNAMIC_NO_PIC = NO;
				GCC_NO_COMMON_BLOCKS = YES;
				GCC_OPTIMIZATION_LEVEL = 0;
				GCC_PREPROCESSOR_DEFINITIONS = (
					"DEBUG=1",
					"$(inherited)",
				);
				GCC_WARN_64_TO_32_BIT_CONVERSION = YES;
				GCC_WARN_ABOUT_RETURN_TYPE = YES_ERROR;
				GCC_WARN_UNDECLARED_SELECTOR = YES;
				GCC_WARN_UNINITIALIZED_AUTOS = YES_AGGRESSIVE;
				GCC_WARN_UNUSED_FUNCTION = YES;
				GCC_WARN_UNUSED_VARIABLE = YES;
				IPHONEOS_DEPLOYMENT_TARGET = 13.2;
				MTL_ENABLE_DEBUG_INFO = INCLUDE_SOURCE;
				MTL_FAST_MATH = YES;
				ONLY_ACTIVE_ARCH = YES;
				SDKROOT = iphoneos;
				SWIFT_ACTIVE_COMPILATION_CONDITIONS = DEBUG;
				SWIFT_OPTIMIZATION_LEVEL = "-Onone";
			};
			name = Debug;
		};
		918FA5B723FB6B0C00559C63 /* Release */ = {
			isa = XCBuildConfiguration;
			buildSettings = {
				ALWAYS_SEARCH_USER_PATHS = NO;
				CLANG_ANALYZER_NONNULL = YES;
				CLANG_ANALYZER_NUMBER_OBJECT_CONVERSION = YES_AGGRESSIVE;
				CLANG_CXX_LANGUAGE_STANDARD = "gnu++14";
				CLANG_CXX_LIBRARY = "libc++";
				CLANG_ENABLE_MODULES = YES;
				CLANG_ENABLE_OBJC_ARC = YES;
				CLANG_ENABLE_OBJC_WEAK = YES;
				CLANG_WARN_BLOCK_CAPTURE_AUTORELEASING = YES;
				CLANG_WARN_BOOL_CONVERSION = YES;
				CLANG_WARN_COMMA = YES;
				CLANG_WARN_CONSTANT_CONVERSION = YES;
				CLANG_WARN_DEPRECATED_OBJC_IMPLEMENTATIONS = YES;
				CLANG_WARN_DIRECT_OBJC_ISA_USAGE = YES_ERROR;
				CLANG_WARN_DOCUMENTATION_COMMENTS = YES;
				CLANG_WARN_EMPTY_BODY = YES;
				CLANG_WARN_ENUM_CONVERSION = YES;
				CLANG_WARN_INFINITE_RECURSION = YES;
				CLANG_WARN_INT_CONVERSION = YES;
				CLANG_WARN_NON_LITERAL_NULL_CONVERSION = YES;
				CLANG_WARN_OBJC_IMPLICIT_RETAIN_SELF = YES;
				CLANG_WARN_OBJC_LITERAL_CONVERSION = YES;
				CLANG_WARN_OBJC_ROOT_CLASS = YES_ERROR;
				CLANG_WARN_RANGE_LOOP_ANALYSIS = YES;
				CLANG_WARN_STRICT_PROTOTYPES = YES;
				CLANG_WARN_SUSPICIOUS_MOVE = YES;
				CLANG_WARN_UNGUARDED_AVAILABILITY = YES_AGGRESSIVE;
				CLANG_WARN_UNREACHABLE_CODE = YES;
				CLANG_WARN__DUPLICATE_METHOD_MATCH = YES;
				COPY_PHASE_STRIP = NO;
				DEBUG_INFORMATION_FORMAT = "dwarf-with-dsym";
				ENABLE_NS_ASSERTIONS = NO;
				ENABLE_STRICT_OBJC_MSGSEND = YES;
				GCC_C_LANGUAGE_STANDARD = gnu11;
				GCC_NO_COMMON_BLOCKS = YES;
				GCC_WARN_64_TO_32_BIT_CONVERSION = YES;
				GCC_WARN_ABOUT_RETURN_TYPE = YES_ERROR;
				GCC_WARN_UNDECLARED_SELECTOR = YES;
				GCC_WARN_UNINITIALIZED_AUTOS = YES_AGGRESSIVE;
				GCC_WARN_UNUSED_FUNCTION = YES;
				GCC_WARN_UNUSED_VARIABLE = YES;
				IPHONEOS_DEPLOYMENT_TARGET = 13.2;
				MTL_ENABLE_DEBUG_INFO = NO;
				MTL_FAST_MATH = YES;
				SDKROOT = iphoneos;
				SWIFT_COMPILATION_MODE = wholemodule;
				SWIFT_OPTIMIZATION_LEVEL = "-O";
				VALIDATE_PRODUCT = YES;
			};
			name = Release;
		};
		918FA5B923FB6B0C00559C63 /* Debug */ = {
			isa = XCBuildConfiguration;
			buildSettings = {
				ASSETCATALOG_COMPILER_APPICON_NAME = AppIcon;
				CODE_SIGN_STYLE = Automatic;
				DEVELOPMENT_TEAM = 59WRM453K4;
				INFOPLIST_FILE = IOSAnimation/Info.plist;
				LD_RUNPATH_SEARCH_PATHS = (
					"$(inherited)",
					"@executable_path/Frameworks",
				);
				PRODUCT_BUNDLE_IDENTIFIER = "Nano-Dev-Co.IOSAnimation";
				PRODUCT_NAME = "$(TARGET_NAME)";
				SWIFT_VERSION = 5.0;
				TARGETED_DEVICE_FAMILY = "1,2";
			};
			name = Debug;
		};
		918FA5BA23FB6B0C00559C63 /* Release */ = {
			isa = XCBuildConfiguration;
			buildSettings = {
				ASSETCATALOG_COMPILER_APPICON_NAME = AppIcon;
				CODE_SIGN_STYLE = Automatic;
				DEVELOPMENT_TEAM = 59WRM453K4;
				INFOPLIST_FILE = IOSAnimation/Info.plist;
				LD_RUNPATH_SEARCH_PATHS = (
					"$(inherited)",
					"@executable_path/Frameworks",
				);
				PRODUCT_BUNDLE_IDENTIFIER = "Nano-Dev-Co.IOSAnimation";
				PRODUCT_NAME = "$(TARGET_NAME)";
				SWIFT_VERSION = 5.0;
				TARGETED_DEVICE_FAMILY = "1,2";
			};
			name = Release;
		};
/* End XCBuildConfiguration section */

/* Begin XCConfigurationList section */
		918FA59F23FB6B0A00559C63 /* Build configuration list for PBXProject "IOSAnimation" */ = {
			isa = XCConfigurationList;
			buildConfigurations = (
				918FA5B623FB6B0C00559C63 /* Debug */,
				918FA5B723FB6B0C00559C63 /* Release */,
			);
			defaultConfigurationIsVisible = 0;
			defaultConfigurationName = Release;
		};
		918FA5B823FB6B0C00559C63 /* Build configuration list for PBXNativeTarget "IOSAnimation" */ = {
			isa = XCConfigurationList;
			buildConfigurations = (
				918FA5B923FB6B0C00559C63 /* Debug */,
				918FA5BA23FB6B0C00559C63 /* Release */,
			);
			defaultConfigurationIsVisible = 0;
			defaultConfigurationName = Release;
		};
/* End XCConfigurationList section */
	};
	rootObject = 918FA59C23FB6B0A00559C63 /* Project object */;
}
